// !$*UTF8*$!
{
	archiveVersion = 1;
	classes = {
	};
	objectVersion = 55;
	objects = {

/* Begin PBXBuildFile section */
		9C1548902872B5D7003E55A0 /* SettingView.swift in Sources */ = {isa = PBXBuildFile; fileRef = 9C15488F2872B5D7003E55A0 /* SettingView.swift */; };
		9C1548942872F230003E55A0 /* SecurityView.swift in Sources */ = {isa = PBXBuildFile; fileRef = 9C1548932872F230003E55A0 /* SecurityView.swift */; };
		9C1548962872F71B003E55A0 /* ChangePasswordView.swift in Sources */ = {isa = PBXBuildFile; fileRef = 9C1548952872F71B003E55A0 /* ChangePasswordView.swift */; };
		9C36B73C286AE28F0042CE50 /* ChoosePlayerTypeView.swift in Sources */ = {isa = PBXBuildFile; fileRef = 9C36B73B286AE28F0042CE50 /* ChoosePlayerTypeView.swift */; };
		9C36B745286AF69D0042CE50 /* View+.swift in Sources */ = {isa = PBXBuildFile; fileRef = 9C36B744286AF69D0042CE50 /* View+.swift */; };
		9C432E1328A4FAE3001646CF /* GamingPlayer.swift in Sources */ = {isa = PBXBuildFile; fileRef = 9C432E1228A4FAE3001646CF /* GamingPlayer.swift */; };
		9C5494CD28A0EAB800BEFF1E /* FirebaseCrashlytics in Frameworks */ = {isa = PBXBuildFile; productRef = 9C5494CC28A0EAB800BEFF1E /* FirebaseCrashlytics */; };
		9C5494D328A0F6EC00BEFF1E /* Build Wall.mp3 in Resources */ = {isa = PBXBuildFile; fileRef = 9C5494D128A0F6EC00BEFF1E /* Build Wall.mp3 */; };
		9C5494D428A0F6EC00BEFF1E /* Move Chessman.mp3 in Resources */ = {isa = PBXBuildFile; fileRef = 9C5494D228A0F6EC00BEFF1E /* Move Chessman.mp3 */; };
		9C5494D628A0F6FD00BEFF1E /* AVPlayer+.swift in Sources */ = {isa = PBXBuildFile; fileRef = 9C5494D528A0F6FD00BEFF1E /* AVPlayer+.swift */; };
		9C5494D828A1707900BEFF1E /* At Home.m4a in Resources */ = {isa = PBXBuildFile; fileRef = 9C5494D728A1707900BEFF1E /* At Home.m4a */; };
		9C5494DA28A1746C00BEFF1E /* GameSettingsView.swift in Sources */ = {isa = PBXBuildFile; fileRef = 9C5494D928A1746C00BEFF1E /* GameSettingsView.swift */; };
		9C5CAA2A287AFC3A00ADABEA /* ConnectsView.swift in Sources */ = {isa = PBXBuildFile; fileRef = 9C5CAA29287AFC3900ADABEA /* ConnectsView.swift */; };
		9C839C2528742F77002E88F1 /* AccountView.swift in Sources */ = {isa = PBXBuildFile; fileRef = 9C839C2428742F77002E88F1 /* AccountView.swift */; };
		9C839C272874303D002E88F1 /* AboutView.swift in Sources */ = {isa = PBXBuildFile; fileRef = 9C839C262874303D002E88F1 /* AboutView.swift */; };
		9C8B009D286B358C002AC70A /* ChooseSignInMethodView.swift in Sources */ = {isa = PBXBuildFile; fileRef = 9C8B009C286B358B002AC70A /* ChooseSignInMethodView.swift */; };
		9C8B009F286B36D1002AC70A /* SignInWithEmailView.swift in Sources */ = {isa = PBXBuildFile; fileRef = 9C8B009E286B36D1002AC70A /* SignInWithEmailView.swift */; };
		9C8B00A4286B4433002AC70A /* FacebookLogin in Frameworks */ = {isa = PBXBuildFile; productRef = 9C8B00A3286B4433002AC70A /* FacebookLogin */; };
		9C8B00A6286B51AC002AC70A /* AuthViewModel.swift in Sources */ = {isa = PBXBuildFile; fileRef = 9C8B00A5286B51AC002AC70A /* AuthViewModel.swift */; };
		9C8D3374288994C600294D98 /* GameView.swift in Sources */ = {isa = PBXBuildFile; fileRef = 9C8D3373288994C600294D98 /* GameView.swift */; };
		9C9007202871CFED00E66A74 /* Array+.swift in Sources */ = {isa = PBXBuildFile; fileRef = 9C90071F2871CFED00E66A74 /* Array+.swift */; };
		9CB54122287583F300109E8A /* SignInContentView.swift in Sources */ = {isa = PBXBuildFile; fileRef = 9CB54121287583F300109E8A /* SignInContentView.swift */; };
		9CB7975D28A3804A007EB98C /* StarterView.swift in Sources */ = {isa = PBXBuildFile; fileRef = 9CB7975C28A3804A007EB98C /* StarterView.swift */; };
		9CBA2779286B5B820083A55D /* GoogleSignIn in Frameworks */ = {isa = PBXBuildFile; productRef = 9CBA2778286B5B820083A55D /* GoogleSignIn */; };
		9CBBE819286ABEF80089994E /* Quoridor_iOS_GameApp.swift in Sources */ = {isa = PBXBuildFile; fileRef = 9CBBE818286ABEF80089994E /* Quoridor_iOS_GameApp.swift */; };
		9CBBE81B286ABEF80089994E /* ContentView.swift in Sources */ = {isa = PBXBuildFile; fileRef = 9CBBE81A286ABEF80089994E /* ContentView.swift */; };
		9CBBE81D286ABEF90089994E /* Assets.xcassets in Resources */ = {isa = PBXBuildFile; fileRef = 9CBBE81C286ABEF90089994E /* Assets.xcassets */; };
		9CBBE820286ABEF90089994E /* Preview Assets.xcassets in Resources */ = {isa = PBXBuildFile; fileRef = 9CBBE81F286ABEF90089994E /* Preview Assets.xcassets */; };
		9CBBE828286AC0930089994E /* FirebaseAuth in Frameworks */ = {isa = PBXBuildFile; productRef = 9CBBE827286AC0930089994E /* FirebaseAuth */; };
		9CBBE82A286AC0930089994E /* FirebaseFirestoreSwift in Frameworks */ = {isa = PBXBuildFile; productRef = 9CBBE829286AC0930089994E /* FirebaseFirestoreSwift */; };
		9CBBE82C286AC0930089994E /* FirebaseStorage in Frameworks */ = {isa = PBXBuildFile; productRef = 9CBBE82B286AC0930089994E /* FirebaseStorage */; };
		9CBBE82E286AC2F60089994E /* GoogleService-Info.plist in Resources */ = {isa = PBXBuildFile; fileRef = 9CBBE82D286AC2F60089994E /* GoogleService-Info.plist */; };
		9CC824ED28780BC10048B097 /* DeleteAccountView.swift in Sources */ = {isa = PBXBuildFile; fileRef = 9CC824EC28780BC10048B097 /* DeleteAccountView.swift */; };
		9CDBADF328829AC6006F3C7A /* Game.swift in Sources */ = {isa = PBXBuildFile; fileRef = 9CDBADF228829AC6006F3C7A /* Game.swift */; };
		9CDBADF52882A397006F3C7A /* GameViewModel.swift in Sources */ = {isa = PBXBuildFile; fileRef = 9CDBADF42882A397006F3C7A /* GameViewModel.swift */; };
		9CDBADF72882A5DF006F3C7A /* PrepareGameView.swift in Sources */ = {isa = PBXBuildFile; fileRef = 9CDBADF62882A5DF006F3C7A /* PrepareGameView.swift */; };
		9CE5F4D1286DC33A000E8351 /* Player.swift in Sources */ = {isa = PBXBuildFile; fileRef = 9CE5F4D0286DC339000E8351 /* Player.swift */; };
		9CE5F4D3286DCF25000E8351 /* PlayerViewModel.swift in Sources */ = {isa = PBXBuildFile; fileRef = 9CE5F4D2286DCF24000E8351 /* PlayerViewModel.swift */; };
		9CE5F4D7286EA072000E8351 /* ProfileView.swift in Sources */ = {isa = PBXBuildFile; fileRef = 9CE5F4D6286EA072000E8351 /* ProfileView.swift */; };
		9CE5F4D9286EF81C000E8351 /* Color+.swift in Sources */ = {isa = PBXBuildFile; fileRef = 9CE5F4D8286EF81C000E8351 /* Color+.swift */; };
		9CE5F4DB286F23C8000E8351 /* ProfileEditView.swift in Sources */ = {isa = PBXBuildFile; fileRef = 9CE5F4DA286F23C8000E8351 /* ProfileEditView.swift */; };
		9CE5F4DD286F69A2000E8351 /* AvatarDesignView.swift in Sources */ = {isa = PBXBuildFile; fileRef = 9CE5F4DC286F69A2000E8351 /* AvatarDesignView.swift */; };
		9CECED80289E5EC9008DF7A2 /* FullScreenCoverView.swift in Sources */ = {isa = PBXBuildFile; fileRef = 9CECED7F289E5EC9008DF7A2 /* FullScreenCoverView.swift */; };
		9CECED82289F9F53008DF7A2 /* LeaderBoardView.swift in Sources */ = {isa = PBXBuildFile; fileRef = 9CECED81289F9F53008DF7A2 /* LeaderBoardView.swift */; };
		9CECED85289FC738008DF7A2 /* FirebaseAnalyticsSwift in Frameworks */ = {isa = PBXBuildFile; productRef = 9CECED84289FC738008DF7A2 /* FirebaseAnalyticsSwift */; };
		9CECED88289FC890008DF7A2 /* GoogleMobileAds in Frameworks */ = {isa = PBXBuildFile; productRef = 9CECED87289FC890008DF7A2 /* GoogleMobileAds */; };
		9CECED8A289FDA55008DF7A2 /* AdModViewModel.swift in Sources */ = {isa = PBXBuildFile; fileRef = 9CECED89289FDA55008DF7A2 /* AdModViewModel.swift */; };
		9CEF095A28813EB900F5C5F6 /* GameLobbyView.swift in Sources */ = {isa = PBXBuildFile; fileRef = 9CEF095928813EB900F5C5F6 /* GameLobbyView.swift */; };
		9CF7098028A2501100FC2B1D /* Localizable.strings in Resources */ = {isa = PBXBuildFile; fileRef = 9CF7097E28A2501100FC2B1D /* Localizable.strings */; };
/* End PBXBuildFile section */

/* Begin PBXFileReference section */
		9C15488F2872B5D7003E55A0 /* SettingView.swift */ = {isa = PBXFileReference; lastKnownFileType = sourcecode.swift; path = SettingView.swift; sourceTree = "<group>"; };
		9C1548932872F230003E55A0 /* SecurityView.swift */ = {isa = PBXFileReference; lastKnownFileType = sourcecode.swift; path = SecurityView.swift; sourceTree = "<group>"; };
		9C1548952872F71B003E55A0 /* ChangePasswordView.swift */ = {isa = PBXFileReference; lastKnownFileType = sourcecode.swift; path = ChangePasswordView.swift; sourceTree = "<group>"; };
		9C36B73B286AE28F0042CE50 /* ChoosePlayerTypeView.swift */ = {isa = PBXFileReference; lastKnownFileType = sourcecode.swift; path = ChoosePlayerTypeView.swift; sourceTree = "<group>"; };
		9C36B744286AF69D0042CE50 /* View+.swift */ = {isa = PBXFileReference; lastKnownFileType = sourcecode.swift; path = "View+.swift"; sourceTree = "<group>"; };
		9C432E1228A4FAE3001646CF /* GamingPlayer.swift */ = {isa = PBXFileReference; lastKnownFileType = sourcecode.swift; path = GamingPlayer.swift; sourceTree = "<group>"; };
		9C5494D128A0F6EC00BEFF1E /* Build Wall.mp3 */ = {isa = PBXFileReference; lastKnownFileType = audio.mp3; path = "Build Wall.mp3"; sourceTree = "<group>"; };
		9C5494D228A0F6EC00BEFF1E /* Move Chessman.mp3 */ = {isa = PBXFileReference; lastKnownFileType = audio.mp3; path = "Move Chessman.mp3"; sourceTree = "<group>"; };
		9C5494D528A0F6FD00BEFF1E /* AVPlayer+.swift */ = {isa = PBXFileReference; lastKnownFileType = sourcecode.swift; path = "AVPlayer+.swift"; sourceTree = "<group>"; };
		9C5494D728A1707900BEFF1E /* At Home.m4a */ = {isa = PBXFileReference; lastKnownFileType = file; path = "At Home.m4a"; sourceTree = "<group>"; };
		9C5494D928A1746C00BEFF1E /* GameSettingsView.swift */ = {isa = PBXFileReference; lastKnownFileType = sourcecode.swift; path = GameSettingsView.swift; sourceTree = "<group>"; };
		9C5CAA29287AFC3900ADABEA /* ConnectsView.swift */ = {isa = PBXFileReference; lastKnownFileType = sourcecode.swift; path = ConnectsView.swift; sourceTree = "<group>"; };
		9C839C2428742F77002E88F1 /* AccountView.swift */ = {isa = PBXFileReference; lastKnownFileType = sourcecode.swift; path = AccountView.swift; sourceTree = "<group>"; };
		9C839C262874303D002E88F1 /* AboutView.swift */ = {isa = PBXFileReference; lastKnownFileType = sourcecode.swift; path = AboutView.swift; sourceTree = "<group>"; };
		9C8B009C286B358B002AC70A /* ChooseSignInMethodView.swift */ = {isa = PBXFileReference; fileEncoding = 4; lastKnownFileType = sourcecode.swift; path = ChooseSignInMethodView.swift; sourceTree = "<group>"; };
		9C8B009E286B36D1002AC70A /* SignInWithEmailView.swift */ = {isa = PBXFileReference; fileEncoding = 4; lastKnownFileType = sourcecode.swift; path = SignInWithEmailView.swift; sourceTree = "<group>"; };
		9C8B00A0286B3FEA002AC70A /* Info.plist */ = {isa = PBXFileReference; lastKnownFileType = text.plist; path = Info.plist; sourceTree = "<group>"; };
		9C8B00A1286B42BB002AC70A /* Quoridor-iOS-Game.entitlements */ = {isa = PBXFileReference; lastKnownFileType = text.plist.entitlements; path = "Quoridor-iOS-Game.entitlements"; sourceTree = "<group>"; };
		9C8B00A5286B51AC002AC70A /* AuthViewModel.swift */ = {isa = PBXFileReference; lastKnownFileType = sourcecode.swift; path = AuthViewModel.swift; sourceTree = "<group>"; };
		9C8D3373288994C600294D98 /* GameView.swift */ = {isa = PBXFileReference; lastKnownFileType = sourcecode.swift; path = GameView.swift; sourceTree = "<group>"; };
		9C90071F2871CFED00E66A74 /* Array+.swift */ = {isa = PBXFileReference; lastKnownFileType = sourcecode.swift; path = "Array+.swift"; sourceTree = "<group>"; };
		9CB54121287583F300109E8A /* SignInContentView.swift */ = {isa = PBXFileReference; lastKnownFileType = sourcecode.swift; path = SignInContentView.swift; sourceTree = "<group>"; };
		9CB7975C28A3804A007EB98C /* StarterView.swift */ = {isa = PBXFileReference; lastKnownFileType = sourcecode.swift; path = StarterView.swift; sourceTree = "<group>"; };
		9CBBE815286ABEF80089994E /* Quoridor.app */ = {isa = PBXFileReference; explicitFileType = wrapper.application; includeInIndex = 0; path = Quoridor.app; sourceTree = BUILT_PRODUCTS_DIR; };
		9CBBE818286ABEF80089994E /* Quoridor_iOS_GameApp.swift */ = {isa = PBXFileReference; lastKnownFileType = sourcecode.swift; path = Quoridor_iOS_GameApp.swift; sourceTree = "<group>"; };
		9CBBE81A286ABEF80089994E /* ContentView.swift */ = {isa = PBXFileReference; lastKnownFileType = sourcecode.swift; path = ContentView.swift; sourceTree = "<group>"; };
		9CBBE81C286ABEF90089994E /* Assets.xcassets */ = {isa = PBXFileReference; lastKnownFileType = folder.assetcatalog; path = Assets.xcassets; sourceTree = "<group>"; };
		9CBBE81F286ABEF90089994E /* Preview Assets.xcassets */ = {isa = PBXFileReference; lastKnownFileType = folder.assetcatalog; path = "Preview Assets.xcassets"; sourceTree = "<group>"; };
		9CBBE82D286AC2F60089994E /* GoogleService-Info.plist */ = {isa = PBXFileReference; fileEncoding = 4; lastKnownFileType = text.plist.xml; path = "GoogleService-Info.plist"; sourceTree = "<group>"; };
		9CC824EC28780BC10048B097 /* DeleteAccountView.swift */ = {isa = PBXFileReference; lastKnownFileType = sourcecode.swift; path = DeleteAccountView.swift; sourceTree = "<group>"; };
		9CDBADF228829AC6006F3C7A /* Game.swift */ = {isa = PBXFileReference; lastKnownFileType = sourcecode.swift; path = Game.swift; sourceTree = "<group>"; };
		9CDBADF42882A397006F3C7A /* GameViewModel.swift */ = {isa = PBXFileReference; lastKnownFileType = sourcecode.swift; path = GameViewModel.swift; sourceTree = "<group>"; };
		9CDBADF62882A5DF006F3C7A /* PrepareGameView.swift */ = {isa = PBXFileReference; lastKnownFileType = sourcecode.swift; path = PrepareGameView.swift; sourceTree = "<group>"; };
		9CE5F4D0286DC339000E8351 /* Player.swift */ = {isa = PBXFileReference; lastKnownFileType = sourcecode.swift; path = Player.swift; sourceTree = "<group>"; };
		9CE5F4D2286DCF24000E8351 /* PlayerViewModel.swift */ = {isa = PBXFileReference; lastKnownFileType = sourcecode.swift; path = PlayerViewModel.swift; sourceTree = "<group>"; };
		9CE5F4D6286EA072000E8351 /* ProfileView.swift */ = {isa = PBXFileReference; lastKnownFileType = sourcecode.swift; path = ProfileView.swift; sourceTree = "<group>"; };
		9CE5F4D8286EF81C000E8351 /* Color+.swift */ = {isa = PBXFileReference; lastKnownFileType = sourcecode.swift; path = "Color+.swift"; sourceTree = "<group>"; };
		9CE5F4DA286F23C8000E8351 /* ProfileEditView.swift */ = {isa = PBXFileReference; lastKnownFileType = sourcecode.swift; path = ProfileEditView.swift; sourceTree = "<group>"; };
		9CE5F4DC286F69A2000E8351 /* AvatarDesignView.swift */ = {isa = PBXFileReference; lastKnownFileType = sourcecode.swift; path = AvatarDesignView.swift; sourceTree = "<group>"; };
		9CECED7F289E5EC9008DF7A2 /* FullScreenCoverView.swift */ = {isa = PBXFileReference; lastKnownFileType = sourcecode.swift; path = FullScreenCoverView.swift; sourceTree = "<group>"; };
		9CECED81289F9F53008DF7A2 /* LeaderBoardView.swift */ = {isa = PBXFileReference; lastKnownFileType = sourcecode.swift; path = LeaderBoardView.swift; sourceTree = "<group>"; };
		9CECED89289FDA55008DF7A2 /* AdModViewModel.swift */ = {isa = PBXFileReference; lastKnownFileType = sourcecode.swift; path = AdModViewModel.swift; sourceTree = "<group>"; };
		9CEF095928813EB900F5C5F6 /* GameLobbyView.swift */ = {isa = PBXFileReference; lastKnownFileType = sourcecode.swift; path = GameLobbyView.swift; sourceTree = "<group>"; };
		9CF7097F28A2501100FC2B1D /* zh-Hant */ = {isa = PBXFileReference; lastKnownFileType = text.plist.strings; name = "zh-Hant"; path = "zh-Hant.lproj/Localizable.strings"; sourceTree = "<group>"; };
		9CF7098128A2598E00FC2B1D /* en */ = {isa = PBXFileReference; lastKnownFileType = text.plist.strings; name = en; path = en.lproj/Localizable.strings; sourceTree = "<group>"; };
/* End PBXFileReference section */

/* Begin PBXFrameworksBuildPhase section */
		9CBBE812286ABEF80089994E /* Frameworks */ = {
			isa = PBXFrameworksBuildPhase;
			buildActionMask = 2147483647;
			files = (
				9CECED85289FC738008DF7A2 /* FirebaseAnalyticsSwift in Frameworks */,
				9CBA2779286B5B820083A55D /* GoogleSignIn in Frameworks */,
				9C8B00A4286B4433002AC70A /* FacebookLogin in Frameworks */,
				9CBBE828286AC0930089994E /* FirebaseAuth in Frameworks */,
				9CBBE82A286AC0930089994E /* FirebaseFirestoreSwift in Frameworks */,
				9C5494CD28A0EAB800BEFF1E /* FirebaseCrashlytics in Frameworks */,
				9CBBE82C286AC0930089994E /* FirebaseStorage in Frameworks */,
				9CECED88289FC890008DF7A2 /* GoogleMobileAds in Frameworks */,
			);
			runOnlyForDeploymentPostprocessing = 0;
		};
/* End PBXFrameworksBuildPhase section */

/* Begin PBXGroup section */
		9C15488E2872B5AF003E55A0 /* Setting */ = {
			isa = PBXGroup;
			children = (
				9C15488F2872B5D7003E55A0 /* SettingView.swift */,
				9C1548932872F230003E55A0 /* SecurityView.swift */,
				9C839C2428742F77002E88F1 /* AccountView.swift */,
				9C5494D928A1746C00BEFF1E /* GameSettingsView.swift */,
				9C839C262874303D002E88F1 /* AboutView.swift */,
				9C1548952872F71B003E55A0 /* ChangePasswordView.swift */,
				9C5CAA29287AFC3900ADABEA /* ConnectsView.swift */,
				9CC824EC28780BC10048B097 /* DeleteAccountView.swift */,
			);
			path = Setting;
			sourceTree = "<group>";
		};
		9C157AC8286ACFA300B09F45 /* Models */ = {
			isa = PBXGroup;
			children = (
				9CE5F4D0286DC339000E8351 /* Player.swift */,
				9CDBADF228829AC6006F3C7A /* Game.swift */,
				9C432E1228A4FAE3001646CF /* GamingPlayer.swift */,
			);
			path = Models;
			sourceTree = "<group>";
		};
		9C157ACA286ACFB100B09F45 /* Views */ = {
			isa = PBXGroup;
			children = (
				9CBBE81A286ABEF80089994E /* ContentView.swift */,
				9CB7975C28A3804A007EB98C /* StarterView.swift */,
				9CECED81289F9F53008DF7A2 /* LeaderBoardView.swift */,
				9CECED7F289E5EC9008DF7A2 /* FullScreenCoverView.swift */,
				9C157ACF286AD51700B09F45 /* Sign In */,
				9CEF095828813EA200F5C5F6 /* Game */,
				9CE5F4D5286EA04E000E8351 /* Profile */,
				9C15488E2872B5AF003E55A0 /* Setting */,
			);
			path = Views;
			sourceTree = "<group>";
		};
		9C157ACB286ACFBD00B09F45 /* View Models */ = {
			isa = PBXGroup;
			children = (
				9C8B00A5286B51AC002AC70A /* AuthViewModel.swift */,
				9CE5F4D2286DCF24000E8351 /* PlayerViewModel.swift */,
				9CDBADF42882A397006F3C7A /* GameViewModel.swift */,
				9CECED89289FDA55008DF7A2 /* AdModViewModel.swift */,
			);
			path = "View Models";
			sourceTree = "<group>";
		};
		9C157ACF286AD51700B09F45 /* Sign In */ = {
			isa = PBXGroup;
			children = (
				9CB54121287583F300109E8A /* SignInContentView.swift */,
				9C36B73B286AE28F0042CE50 /* ChoosePlayerTypeView.swift */,
				9C8B009C286B358B002AC70A /* ChooseSignInMethodView.swift */,
				9C8B009E286B36D1002AC70A /* SignInWithEmailView.swift */,
			);
			path = "Sign In";
			sourceTree = "<group>";
		};
		9C36B743286AF6800042CE50 /* Extension */ = {
			isa = PBXGroup;
			children = (
				9C36B744286AF69D0042CE50 /* View+.swift */,
				9CE5F4D8286EF81C000E8351 /* Color+.swift */,
				9C90071F2871CFED00E66A74 /* Array+.swift */,
				9C5494D528A0F6FD00BEFF1E /* AVPlayer+.swift */,
			);
			path = Extension;
			sourceTree = "<group>";
		};
		9C5494D028A0F6B800BEFF1E /* Resources */ = {
			isa = PBXGroup;
			children = (
				9C5494D728A1707900BEFF1E /* At Home.m4a */,
				9C5494D128A0F6EC00BEFF1E /* Build Wall.mp3 */,
				9C5494D228A0F6EC00BEFF1E /* Move Chessman.mp3 */,
			);
			path = Resources;
			sourceTree = "<group>";
		};
		9CBBE80C286ABEF80089994E = {
			isa = PBXGroup;
			children = (
				9CBBE817286ABEF80089994E /* Quoridor-iOS-Game */,
				9CBBE816286ABEF80089994E /* Products */,
				9CECED83289FC737008DF7A2 /* Frameworks */,
			);
			sourceTree = "<group>";
		};
		9CBBE816286ABEF80089994E /* Products */ = {
			isa = PBXGroup;
			children = (
				9CBBE815286ABEF80089994E /* Quoridor.app */,
			);
			name = Products;
			sourceTree = "<group>";
		};
		9CBBE817286ABEF80089994E /* Quoridor-iOS-Game */ = {
			isa = PBXGroup;
			children = (
				9C8B00A1286B42BB002AC70A /* Quoridor-iOS-Game.entitlements */,
				9CF7097E28A2501100FC2B1D /* Localizable.strings */,
				9C8B00A0286B3FEA002AC70A /* Info.plist */,
				9CBBE82D286AC2F60089994E /* GoogleService-Info.plist */,
				9CBBE818286ABEF80089994E /* Quoridor_iOS_GameApp.swift */,
				9C157AC8286ACFA300B09F45 /* Models */,
				9C157ACA286ACFB100B09F45 /* Views */,
				9C157ACB286ACFBD00B09F45 /* View Models */,
				9C36B743286AF6800042CE50 /* Extension */,
				9C5494D028A0F6B800BEFF1E /* Resources */,
				9CBBE81C286ABEF90089994E /* Assets.xcassets */,
				9CBBE81E286ABEF90089994E /* Preview Content */,
			);
			path = "Quoridor-iOS-Game";
			sourceTree = "<group>";
		};
		9CBBE81E286ABEF90089994E /* Preview Content */ = {
			isa = PBXGroup;
			children = (
				9CBBE81F286ABEF90089994E /* Preview Assets.xcassets */,
			);
			path = "Preview Content";
			sourceTree = "<group>";
		};
		9CE5F4D5286EA04E000E8351 /* Profile */ = {
			isa = PBXGroup;
			children = (
				9CE5F4D6286EA072000E8351 /* ProfileView.swift */,
				9CE5F4DA286F23C8000E8351 /* ProfileEditView.swift */,
				9CE5F4DC286F69A2000E8351 /* AvatarDesignView.swift */,
			);
			path = Profile;
			sourceTree = "<group>";
		};
		9CECED83289FC737008DF7A2 /* Frameworks */ = {
			isa = PBXGroup;
			children = (
			);
			name = Frameworks;
			sourceTree = "<group>";
		};
		9CEF095828813EA200F5C5F6 /* Game */ = {
			isa = PBXGroup;
			children = (
				9CEF095928813EB900F5C5F6 /* GameLobbyView.swift */,
				9CDBADF62882A5DF006F3C7A /* PrepareGameView.swift */,
				9C8D3373288994C600294D98 /* GameView.swift */,
			);
			path = Game;
			sourceTree = "<group>";
		};
/* End PBXGroup section */

/* Begin PBXNativeTarget section */
		9CBBE814286ABEF80089994E /* Quoridor-iOS-Game */ = {
			isa = PBXNativeTarget;
			buildConfigurationList = 9CBBE823286ABEF90089994E /* Build configuration list for PBXNativeTarget "Quoridor-iOS-Game" */;
			buildPhases = (
				9CBBE811286ABEF80089994E /* Sources */,
				9CBBE812286ABEF80089994E /* Frameworks */,
				9CBBE813286ABEF80089994E /* Resources */,
				9C5494CE28A0EB1A00BEFF1E /* ShellScript */,
			);
			buildRules = (
			);
			dependencies = (
			);
			name = "Quoridor-iOS-Game";
			packageProductDependencies = (
				9CBBE827286AC0930089994E /* FirebaseAuth */,
				9CBBE829286AC0930089994E /* FirebaseFirestoreSwift */,
				9CBBE82B286AC0930089994E /* FirebaseStorage */,
				9C8B00A3286B4433002AC70A /* FacebookLogin */,
				9CBA2778286B5B820083A55D /* GoogleSignIn */,
				9CECED84289FC738008DF7A2 /* FirebaseAnalyticsSwift */,
				9CECED87289FC890008DF7A2 /* GoogleMobileAds */,
				9C5494CC28A0EAB800BEFF1E /* FirebaseCrashlytics */,
			);
			productName = "Quoridor-iOS-Game";
			productReference = 9CBBE815286ABEF80089994E /* Quoridor.app */;
			productType = "com.apple.product-type.application";
		};
/* End PBXNativeTarget section */

/* Begin PBXProject section */
		9CBBE80D286ABEF80089994E /* Project object */ = {
			isa = PBXProject;
			attributes = {
				BuildIndependentTargetsInParallel = 1;
				LastSwiftUpdateCheck = 1340;
				LastUpgradeCheck = 1340;
				TargetAttributes = {
					9CBBE814286ABEF80089994E = {
						CreatedOnToolsVersion = 13.4.1;
					};
				};
			};
			buildConfigurationList = 9CBBE810286ABEF80089994E /* Build configuration list for PBXProject "Quoridor-iOS-Game" */;
			compatibilityVersion = "Xcode 13.0";
			developmentRegion = en;
			hasScannedForEncodings = 0;
			knownRegions = (
				en,
				Base,
				"zh-Hant",
			);
			mainGroup = 9CBBE80C286ABEF80089994E;
			packageReferences = (
				9CBBE826286AC0930089994E /* XCRemoteSwiftPackageReference "firebase-ios-sdk" */,
				9C8B00A2286B4433002AC70A /* XCRemoteSwiftPackageReference "facebook-ios-sdk" */,
				9CBA2777286B5B820083A55D /* XCRemoteSwiftPackageReference "GoogleSignIn-iOS" */,
				9CECED86289FC890008DF7A2 /* XCRemoteSwiftPackageReference "swift-package-manager-google-mobile-ads" */,
			);
			productRefGroup = 9CBBE816286ABEF80089994E /* Products */;
			projectDirPath = "";
			projectRoot = "";
			targets = (
				9CBBE814286ABEF80089994E /* Quoridor-iOS-Game */,
			);
		};
/* End PBXProject section */

/* Begin PBXResourcesBuildPhase section */
		9CBBE813286ABEF80089994E /* Resources */ = {
			isa = PBXResourcesBuildPhase;
			buildActionMask = 2147483647;
			files = (
				9C5494D328A0F6EC00BEFF1E /* Build Wall.mp3 in Resources */,
				9CBBE820286ABEF90089994E /* Preview Assets.xcassets in Resources */,
				9CBBE81D286ABEF90089994E /* Assets.xcassets in Resources */,
				9CF7098028A2501100FC2B1D /* Localizable.strings in Resources */,
				9C5494D828A1707900BEFF1E /* At Home.m4a in Resources */,
				9C5494D428A0F6EC00BEFF1E /* Move Chessman.mp3 in Resources */,
				9CBBE82E286AC2F60089994E /* GoogleService-Info.plist in Resources */,
			);
			runOnlyForDeploymentPostprocessing = 0;
		};
/* End PBXResourcesBuildPhase section */

/* Begin PBXShellScriptBuildPhase section */
		9C5494CE28A0EB1A00BEFF1E /* ShellScript */ = {
			isa = PBXShellScriptBuildPhase;
			buildActionMask = 2147483647;
			files = (
			);
			inputFileListPaths = (
			);
			inputPaths = (
				"${DWARF_DSYM_FOLDER_PATH}/${DWARF_DSYM_FILE_NAME}/Contents/Resources/DWARF/${TARGET_NAME}",
				"$(SRCROOT)/$(BUILT_PRODUCTS_DIR)/$(INFOPLIST_PATH)",
			);
			outputFileListPaths = (
			);
			outputPaths = (
			);
			runOnlyForDeploymentPostprocessing = 0;
			shellPath = /bin/sh;
			shellScript = "\"${BUILD_DIR%Build/*}SourcePackages/checkouts/firebase-ios-sdk/Crashlytics/run\"\n";
		};
/* End PBXShellScriptBuildPhase section */

/* Begin PBXSourcesBuildPhase section */
		9CBBE811286ABEF80089994E /* Sources */ = {
			isa = PBXSourcesBuildPhase;
			buildActionMask = 2147483647;
			files = (
				9CB54122287583F300109E8A /* SignInContentView.swift in Sources */,
				9C5CAA2A287AFC3A00ADABEA /* ConnectsView.swift in Sources */,
				9CDBADF72882A5DF006F3C7A /* PrepareGameView.swift in Sources */,
				9C8B009D286B358C002AC70A /* ChooseSignInMethodView.swift in Sources */,
				9CECED82289F9F53008DF7A2 /* LeaderBoardView.swift in Sources */,
				9CDBADF52882A397006F3C7A /* GameViewModel.swift in Sources */,
				9CE5F4D3286DCF25000E8351 /* PlayerViewModel.swift in Sources */,
				9C432E1328A4FAE3001646CF /* GamingPlayer.swift in Sources */,
				9C1548942872F230003E55A0 /* SecurityView.swift in Sources */,
				9C36B73C286AE28F0042CE50 /* ChoosePlayerTypeView.swift in Sources */,
				9CC824ED28780BC10048B097 /* DeleteAccountView.swift in Sources */,
				9CDBADF328829AC6006F3C7A /* Game.swift in Sources */,
				9C839C272874303D002E88F1 /* AboutView.swift in Sources */,
				9C5494D628A0F6FD00BEFF1E /* AVPlayer+.swift in Sources */,
				9C8B009F286B36D1002AC70A /* SignInWithEmailView.swift in Sources */,
				9C36B745286AF69D0042CE50 /* View+.swift in Sources */,
				9C8D3374288994C600294D98 /* GameView.swift in Sources */,
				9C1548902872B5D7003E55A0 /* SettingView.swift in Sources */,
				9CB7975D28A3804A007EB98C /* StarterView.swift in Sources */,
				9CBBE81B286ABEF80089994E /* ContentView.swift in Sources */,
				9CEF095A28813EB900F5C5F6 /* GameLobbyView.swift in Sources */,
				9C9007202871CFED00E66A74 /* Array+.swift in Sources */,
				9CE5F4D9286EF81C000E8351 /* Color+.swift in Sources */,
				9CE5F4DB286F23C8000E8351 /* ProfileEditView.swift in Sources */,
				9CBBE819286ABEF80089994E /* Quoridor_iOS_GameApp.swift in Sources */,
				9C839C2528742F77002E88F1 /* AccountView.swift in Sources */,
				9C1548962872F71B003E55A0 /* ChangePasswordView.swift in Sources */,
				9CE5F4D1286DC33A000E8351 /* Player.swift in Sources */,
				9CECED8A289FDA55008DF7A2 /* AdModViewModel.swift in Sources */,
				9CE5F4D7286EA072000E8351 /* ProfileView.swift in Sources */,
				9CECED80289E5EC9008DF7A2 /* FullScreenCoverView.swift in Sources */,
				9C8B00A6286B51AC002AC70A /* AuthViewModel.swift in Sources */,
				9CE5F4DD286F69A2000E8351 /* AvatarDesignView.swift in Sources */,
				9C5494DA28A1746C00BEFF1E /* GameSettingsView.swift in Sources */,
			);
			runOnlyForDeploymentPostprocessing = 0;
		};
/* End PBXSourcesBuildPhase section */

/* Begin PBXVariantGroup section */
		9CF7097E28A2501100FC2B1D /* Localizable.strings */ = {
			isa = PBXVariantGroup;
			children = (
				9CF7097F28A2501100FC2B1D /* zh-Hant */,
				9CF7098128A2598E00FC2B1D /* en */,
			);
			name = Localizable.strings;
			sourceTree = "<group>";
		};
/* End PBXVariantGroup section */

/* Begin XCBuildConfiguration section */
		9CBBE821286ABEF90089994E /* Debug */ = {
			isa = XCBuildConfiguration;
			buildSettings = {
				ALWAYS_SEARCH_USER_PATHS = NO;
				CLANG_ANALYZER_NONNULL = YES;
				CLANG_ANALYZER_NUMBER_OBJECT_CONVERSION = YES_AGGRESSIVE;
				CLANG_CXX_LANGUAGE_STANDARD = "gnu++17";
				CLANG_ENABLE_MODULES = YES;
				CLANG_ENABLE_OBJC_ARC = YES;
				CLANG_ENABLE_OBJC_WEAK = YES;
				CLANG_WARN_BLOCK_CAPTURE_AUTORELEASING = YES;
				CLANG_WARN_BOOL_CONVERSION = YES;
				CLANG_WARN_COMMA = YES;
				CLANG_WARN_CONSTANT_CONVERSION = YES;
				CLANG_WARN_DEPRECATED_OBJC_IMPLEMENTATIONS = YES;
				CLANG_WARN_DIRECT_OBJC_ISA_USAGE = YES_ERROR;
				CLANG_WARN_DOCUMENTATION_COMMENTS = YES;
				CLANG_WARN_EMPTY_BODY = YES;
				CLANG_WARN_ENUM_CONVERSION = YES;
				CLANG_WARN_INFINITE_RECURSION = YES;
				CLANG_WARN_INT_CONVERSION = YES;
				CLANG_WARN_NON_LITERAL_NULL_CONVERSION = YES;
				CLANG_WARN_OBJC_IMPLICIT_RETAIN_SELF = YES;
				CLANG_WARN_OBJC_LITERAL_CONVERSION = YES;
				CLANG_WARN_OBJC_ROOT_CLASS = YES_ERROR;
				CLANG_WARN_QUOTED_INCLUDE_IN_FRAMEWORK_HEADER = YES;
				CLANG_WARN_RANGE_LOOP_ANALYSIS = YES;
				CLANG_WARN_STRICT_PROTOTYPES = YES;
				CLANG_WARN_SUSPICIOUS_MOVE = YES;
				CLANG_WARN_UNGUARDED_AVAILABILITY = YES_AGGRESSIVE;
				CLANG_WARN_UNREACHABLE_CODE = YES;
				CLANG_WARN__DUPLICATE_METHOD_MATCH = YES;
				COPY_PHASE_STRIP = NO;
				DEBUG_INFORMATION_FORMAT = dwarf;
				ENABLE_STRICT_OBJC_MSGSEND = YES;
				ENABLE_TESTABILITY = YES;
				GCC_C_LANGUAGE_STANDARD = gnu11;
				GCC_DYNAMIC_NO_PIC = NO;
				GCC_NO_COMMON_BLOCKS = YES;
				GCC_OPTIMIZATION_LEVEL = 0;
				GCC_PREPROCESSOR_DEFINITIONS = (
					"DEBUG=1",
					"$(inherited)",
				);
				GCC_WARN_64_TO_32_BIT_CONVERSION = YES;
				GCC_WARN_ABOUT_RETURN_TYPE = YES_ERROR;
				GCC_WARN_UNDECLARED_SELECTOR = YES;
				GCC_WARN_UNINITIALIZED_AUTOS = YES_AGGRESSIVE;
				GCC_WARN_UNUSED_FUNCTION = YES;
				GCC_WARN_UNUSED_VARIABLE = YES;
				IPHONEOS_DEPLOYMENT_TARGET = 15.5;
				MTL_ENABLE_DEBUG_INFO = INCLUDE_SOURCE;
				MTL_FAST_MATH = YES;
				ONLY_ACTIVE_ARCH = YES;
				SDKROOT = iphoneos;
				SWIFT_ACTIVE_COMPILATION_CONDITIONS = DEBUG;
				SWIFT_OPTIMIZATION_LEVEL = "-Onone";
			};
			name = Debug;
		};
		9CBBE822286ABEF90089994E /* Release */ = {
			isa = XCBuildConfiguration;
			buildSettings = {
				ALWAYS_SEARCH_USER_PATHS = NO;
				CLANG_ANALYZER_NONNULL = YES;
				CLANG_ANALYZER_NUMBER_OBJECT_CONVERSION = YES_AGGRESSIVE;
				CLANG_CXX_LANGUAGE_STANDARD = "gnu++17";
				CLANG_ENABLE_MODULES = YES;
				CLANG_ENABLE_OBJC_ARC = YES;
				CLANG_ENABLE_OBJC_WEAK = YES;
				CLANG_WARN_BLOCK_CAPTURE_AUTORELEASING = YES;
				CLANG_WARN_BOOL_CONVERSION = YES;
				CLANG_WARN_COMMA = YES;
				CLANG_WARN_CONSTANT_CONVERSION = YES;
				CLANG_WARN_DEPRECATED_OBJC_IMPLEMENTATIONS = YES;
				CLANG_WARN_DIRECT_OBJC_ISA_USAGE = YES_ERROR;
				CLANG_WARN_DOCUMENTATION_COMMENTS = YES;
				CLANG_WARN_EMPTY_BODY = YES;
				CLANG_WARN_ENUM_CONVERSION = YES;
				CLANG_WARN_INFINITE_RECURSION = YES;
				CLANG_WARN_INT_CONVERSION = YES;
				CLANG_WARN_NON_LITERAL_NULL_CONVERSION = YES;
				CLANG_WARN_OBJC_IMPLICIT_RETAIN_SELF = YES;
				CLANG_WARN_OBJC_LITERAL_CONVERSION = YES;
				CLANG_WARN_OBJC_ROOT_CLASS = YES_ERROR;
				CLANG_WARN_QUOTED_INCLUDE_IN_FRAMEWORK_HEADER = YES;
				CLANG_WARN_RANGE_LOOP_ANALYSIS = YES;
				CLANG_WARN_STRICT_PROTOTYPES = YES;
				CLANG_WARN_SUSPICIOUS_MOVE = YES;
				CLANG_WARN_UNGUARDED_AVAILABILITY = YES_AGGRESSIVE;
				CLANG_WARN_UNREACHABLE_CODE = YES;
				CLANG_WARN__DUPLICATE_METHOD_MATCH = YES;
				COPY_PHASE_STRIP = NO;
				DEBUG_INFORMATION_FORMAT = "dwarf-with-dsym";
				ENABLE_NS_ASSERTIONS = NO;
				ENABLE_STRICT_OBJC_MSGSEND = YES;
				GCC_C_LANGUAGE_STANDARD = gnu11;
				GCC_NO_COMMON_BLOCKS = YES;
				GCC_WARN_64_TO_32_BIT_CONVERSION = YES;
				GCC_WARN_ABOUT_RETURN_TYPE = YES_ERROR;
				GCC_WARN_UNDECLARED_SELECTOR = YES;
				GCC_WARN_UNINITIALIZED_AUTOS = YES_AGGRESSIVE;
				GCC_WARN_UNUSED_FUNCTION = YES;
				GCC_WARN_UNUSED_VARIABLE = YES;
				IPHONEOS_DEPLOYMENT_TARGET = 15.5;
				MTL_ENABLE_DEBUG_INFO = NO;
				MTL_FAST_MATH = YES;
				SDKROOT = iphoneos;
				SWIFT_COMPILATION_MODE = wholemodule;
				SWIFT_OPTIMIZATION_LEVEL = "-O";
				VALIDATE_PRODUCT = YES;
			};
			name = Release;
		};
		9CBBE824286ABEF90089994E /* Debug */ = {
			isa = XCBuildConfiguration;
			buildSettings = {
				ASSETCATALOG_COMPILER_APPICON_NAME = AppIcon;
				ASSETCATALOG_COMPILER_GLOBAL_ACCENT_COLOR_NAME = AccentColor;
				CODE_SIGN_ENTITLEMENTS = "Quoridor-iOS-Game/Quoridor-iOS-Game.entitlements";
				CODE_SIGN_STYLE = Automatic;
				CURRENT_PROJECT_VERSION = 1;
				DEBUG_INFORMATION_FORMAT = "dwarf-with-dsym";
				DEVELOPMENT_ASSET_PATHS = "\"Quoridor-iOS-Game/Preview Content\"";
				DEVELOPMENT_TEAM = 24SCJHS57L;
				ENABLE_PREVIEWS = YES;
				GENERATE_INFOPLIST_FILE = YES;
				INFOPLIST_FILE = "Quoridor-iOS-Game/Info.plist";
				INFOPLIST_KEY_UIApplicationSceneManifest_Generation = YES;
				INFOPLIST_KEY_UIApplicationSupportsIndirectInputEvents = YES;
				INFOPLIST_KEY_UISupportedInterfaceOrientations_iPad = "UIInterfaceOrientationPortrait UIInterfaceOrientationPortraitUpsideDown UIInterfaceOrientationLandscapeLeft UIInterfaceOrientationLandscapeRight";
				INFOPLIST_KEY_UISupportedInterfaceOrientations_iPhone = "UIInterfaceOrientationPortrait UIInterfaceOrientationLandscapeLeft UIInterfaceOrientationLandscapeRight";
				LD_RUNPATH_SEARCH_PATHS = (
					"$(inherited)",
					"@executable_path/Frameworks",
				);
				MARKETING_VERSION = 1.0;
				PRODUCT_BUNDLE_IDENTIFIER = "com.Ricky.Quoridor-iOS-Game";
				PRODUCT_NAME = Quoridor;
				SWIFT_EMIT_LOC_STRINGS = YES;
				SWIFT_VERSION = 5.0;
				TARGETED_DEVICE_FAMILY = "1,2";
				VALIDATE_PRODUCT = NO;
			};
			name = Debug;
		};
		9CBBE825286ABEF90089994E /* Release */ = {
			isa = XCBuildConfiguration;
			buildSettings = {
				ASSETCATALOG_COMPILER_APPICON_NAME = AppIcon;
				ASSETCATALOG_COMPILER_GLOBAL_ACCENT_COLOR_NAME = AccentColor;
				CODE_SIGN_ENTITLEMENTS = "Quoridor-iOS-Game/Quoridor-iOS-Game.entitlements";
				CODE_SIGN_STYLE = Automatic;
				CURRENT_PROJECT_VERSION = 1;
				DEVELOPMENT_ASSET_PATHS = "\"Quoridor-iOS-Game/Preview Content\"";
				DEVELOPMENT_TEAM = 24SCJHS57L;
				ENABLE_PREVIEWS = YES;
				GENERATE_INFOPLIST_FILE = YES;
				INFOPLIST_FILE = "Quoridor-iOS-Game/Info.plist";
				INFOPLIST_KEY_UIApplicationSceneManifest_Generation = YES;
				INFOPLIST_KEY_UIApplicationSupportsIndirectInputEvents = YES;
				INFOPLIST_KEY_UISupportedInterfaceOrientations_iPad = "UIInterfaceOrientationPortrait UIInterfaceOrientationPortraitUpsideDown UIInterfaceOrientationLandscapeLeft UIInterfaceOrientationLandscapeRight";
				INFOPLIST_KEY_UISupportedInterfaceOrientations_iPhone = "UIInterfaceOrientationPortrait UIInterfaceOrientationLandscapeLeft UIInterfaceOrientationLandscapeRight";
				LD_RUNPATH_SEARCH_PATHS = (
					"$(inherited)",
					"@executable_path/Frameworks",
				);
				MARKETING_VERSION = 1.0;
				PRODUCT_BUNDLE_IDENTIFIER = "com.Ricky.Quoridor-iOS-Game";
				PRODUCT_NAME = Quoridor;
				SWIFT_EMIT_LOC_STRINGS = YES;
				SWIFT_VERSION = 5.0;
				TARGETED_DEVICE_FAMILY = "1,2";
			};
			name = Release;
		};
/* End XCBuildConfiguration section */

/* Begin XCConfigurationList section */
		9CBBE810286ABEF80089994E /* Build configuration list for PBXProject "Quoridor-iOS-Game" */ = {
			isa = XCConfigurationList;
			buildConfigurations = (
				9CBBE821286ABEF90089994E /* Debug */,
				9CBBE822286ABEF90089994E /* Release */,
			);
			defaultConfigurationIsVisible = 0;
			defaultConfigurationName = Release;
		};
		9CBBE823286ABEF90089994E /* Build configuration list for PBXNativeTarget "Quoridor-iOS-Game" */ = {
			isa = XCConfigurationList;
			buildConfigurations = (
				9CBBE824286ABEF90089994E /* Debug */,
				9CBBE825286ABEF90089994E /* Release */,
			);
			defaultConfigurationIsVisible = 0;
			defaultConfigurationName = Release;
		};
/* End XCConfigurationList section */

/* Begin XCRemoteSwiftPackageReference section */
		9C8B00A2286B4433002AC70A /* XCRemoteSwiftPackageReference "facebook-ios-sdk" */ = {
			isa = XCRemoteSwiftPackageReference;
			repositoryURL = "https://github.com/facebook/facebook-ios-sdk";
			requirement = {
				kind = upToNextMajorVersion;
				minimumVersion = 13.0.0;
			};
		};
		9CBA2777286B5B820083A55D /* XCRemoteSwiftPackageReference "GoogleSignIn-iOS" */ = {
			isa = XCRemoteSwiftPackageReference;
			repositoryURL = "https://github.com/google/GoogleSignIn-iOS/";
			requirement = {
				kind = upToNextMajorVersion;
				minimumVersion = 6.0.0;
			};
		};
		9CBBE826286AC0930089994E /* XCRemoteSwiftPackageReference "firebase-ios-sdk" */ = {
			isa = XCRemoteSwiftPackageReference;
			repositoryURL = "https://github.com/firebase/firebase-ios-sdk";
			requirement = {
				kind = upToNextMajorVersion;
				minimumVersion = 9.0.0;
			};
		};
		9CECED86289FC890008DF7A2 /* XCRemoteSwiftPackageReference "swift-package-manager-google-mobile-ads" */ = {
			isa = XCRemoteSwiftPackageReference;
			repositoryURL = "https://github.com/googleads/swift-package-manager-google-mobile-ads";
			requirement = {
				kind = upToNextMajorVersion;
				minimumVersion = 9.0.0;
			};
		};
/* End XCRemoteSwiftPackageReference section */

/* Begin XCSwiftPackageProductDependency section */
		9C5494CC28A0EAB800BEFF1E /* FirebaseCrashlytics */ = {
			isa = XCSwiftPackageProductDependency;
			package = 9CBBE826286AC0930089994E /* XCRemoteSwiftPackageReference "firebase-ios-sdk" */;
			productName = FirebaseCrashlytics;
		};
		9C8B00A3286B4433002AC70A /* FacebookLogin */ = {
			isa = XCSwiftPackageProductDependency;
			package = 9C8B00A2286B4433002AC70A /* XCRemoteSwiftPackageReference "facebook-ios-sdk" */;
			productName = FacebookLogin;
		};
		9CBA2778286B5B820083A55D /* GoogleSignIn */ = {
			isa = XCSwiftPackageProductDependency;
			package = 9CBA2777286B5B820083A55D /* XCRemoteSwiftPackageReference "GoogleSignIn-iOS" */;
			productName = GoogleSignIn;
		};
		9CBBE827286AC0930089994E /* FirebaseAuth */ = {
			isa = XCSwiftPackageProductDependency;
			package = 9CBBE826286AC0930089994E /* XCRemoteSwiftPackageReference "firebase-ios-sdk" */;
			productName = FirebaseAuth;
		};
		9CBBE829286AC0930089994E /* FirebaseFirestoreSwift */ = {
			isa = XCSwiftPackageProductDependency;
			package = 9CBBE826286AC0930089994E /* XCRemoteSwiftPackageReference "firebase-ios-sdk" */;
			productName = FirebaseFirestoreSwift;
		};
		9CBBE82B286AC0930089994E /* FirebaseStorage */ = {
			isa = XCSwiftPackageProductDependency;
			package = 9CBBE826286AC0930089994E /* XCRemoteSwiftPackageReference "firebase-ios-sdk" */;
			productName = FirebaseStorage;
		};
		9CECED84289FC738008DF7A2 /* FirebaseAnalyticsSwift */ = {
			isa = XCSwiftPackageProductDependency;
			package = 9CBBE826286AC0930089994E /* XCRemoteSwiftPackageReference "firebase-ios-sdk" */;
			productName = FirebaseAnalyticsSwift;
		};
		9CECED87289FC890008DF7A2 /* GoogleMobileAds */ = {
			isa = XCSwiftPackageProductDependency;
			package = 9CECED86289FC890008DF7A2 /* XCRemoteSwiftPackageReference "swift-package-manager-google-mobile-ads" */;
			productName = GoogleMobileAds;
		};
/* End XCSwiftPackageProductDependency section */
	};
	rootObject = 9CBBE80D286ABEF80089994E /* Project object */;
}
